
Microsoft Visual Studio Solution File, Format Version 12.00
# Visual Studio 15
Project("{FAE04EC0-301F-11D3-BF4B-00C04F79EFBC}") = "Assembly-CSharp", "Assembly-CSharp.csproj", "{C224B303-098D-02D6-9D40-7ECF94A7B302}"
EndProject
Project("{FAE04EC0-301F-11D3-BF4B-00C04F79EFBC}") = "Assembly-CSharp-Editor", "Assembly-CSharp-Editor.csproj", "{DDE390D6-B50C-89CE-1232-5DE3BE263A27}"
EndProject
Global
	GlobalSection(SolutionConfigurationPlatforms) = preSolution
		Debug|Any CPU = Debug|Any CPU
		Release|Any CPU = Release|Any CPU
	EndGlobalSection
	GlobalSection(ProjectConfigurationPlatforms) = postSolution
		{C224B303-098D-02D6-9D40-7ECF94A7B302}.Debug|Any CPU.ActiveCfg = Debug|Any CPU
		{C224B303-098D-02D6-9D40-7ECF94A7B302}.Debug|Any CPU.Build.0 = Debug|Any CPU
		{C224B303-098D-02D6-9D40-7ECF94A7B302}.Release|Any CPU.ActiveCfg = Release|Any CPU
		{C224B303-098D-02D6-9D40-7ECF94A7B302}.Release|Any CPU.Build.0 = Release|Any CPU
		{DDE390D6-B50C-89CE-1232-5DE3BE263A27}.Debug|Any CPU.ActiveCfg = Debug|Any CPU
		{DDE390D6-B50C-89CE-1232-5DE3BE263A27}.Debug|Any CPU.Build.0 = Debug|Any CPU
		{DDE390D6-B50C-89CE-1232-5DE3BE263A27}.Release|Any CPU.ActiveCfg = Release|Any CPU
		{DDE390D6-B50C-89CE-1232-5DE3BE263A27}.Release|Any CPU.Build.0 = Release|Any CPU
	EndGlobalSection
	GlobalSection(SolutionProperties) = preSolution
		HideSolutionNode = FALSE
	EndGlobalSection
EndGlobal
